
Microsoft Visual Studio Solution File, Format Version 12.00
# Visual Studio Version 17
VisualStudioVersion = 17.10.35122.118
MinimumVisualStudioVersion = 10.0.40219.1
Project("{FAE04EC0-301F-11D3-BF4B-00C04F79EFBC}") = "Project2", "Project2\Project2.csproj", "{3DFA3F5C-E439-492D-A705-23A06B5B85D4}"
EndProject
Global
	GlobalSection(SolutionConfigurationPlatforms) = preSolution
		Debug|Any CPU = Debug|Any CPU
		Release|Any CPU = Release|Any CPU
	EndGlobalSection
	GlobalSection(ProjectConfigurationPlatforms) = postSolution
		{3DFA3F5C-E439-492D-A705-23A06B5B85D4}.Debug|Any CPU.ActiveCfg = Debug|Any CPU
		{3DFA3F5C-E439-492D-A705-23A06B5B85D4}.Debug|Any CPU.Build.0 = Debug|Any CPU
		{3DFA3F5C-E439-492D-A705-23A06B5B85D4}.Release|Any CPU.ActiveCfg = Release|Any CPU
		{3DFA3F5C-E439-492D-A705-23A06B5B85D4}.Release|Any CPU.Build.0 = Release|Any CPU
	EndGlobalSection
	GlobalSection(SolutionProperties) = preSolution
		HideSolutionNode = FALSE
	EndGlobalSection
	GlobalSection(ExtensibilityGlobals) = postSolution
		SolutionGuid = {59927119-E6A0-43BE-AD7B-D8D0DFAB0271}
	EndGlobalSection
EndGlobal
